
Microsoft Visual Studio Solution File, Format Version 12.00
# Visual Studio Version 17
VisualStudioVersion = 17.14.36203.30
MinimumVisualStudioVersion = 10.0.40219.1
Project("{FAE04EC0-301F-11D3-BF4B-00C04F79EFBC}") = "Tournament.Api", "Tournament.API\Tournament.Api.csproj", "{DB866F9B-344B-439A-8D1B-54F315A0B790}"
EndProject
Project("{FAE04EC0-301F-11D3-BF4B-00C04F79EFBC}") = "Tournament.Core", "Tournament.Core\Tournament.Core.csproj", "{E0B5BD4F-B55A-40EA-BECA-B23AA94B92F2}"
EndProject
Project("{FAE04EC0-301F-11D3-BF4B-00C04F79EFBC}") = "Tournament.Data", "Tournament.Data\Tournament.Data.csproj", "{BD436F02-908F-4DCB-AA0D-4E9C40A96A0E}"
EndProject
Project("{FAE04EC0-301F-11D3-BF4B-00C04F79EFBC}") = "Tournament.Api.Tests", "Tournament.Api.Tests\Tournament.Api.Tests.csproj", "{619F0D7A-C60B-4733-81CD-E8BDECC2AE69}"
EndProject
Project("{FAE04EC0-301F-11D3-BF4B-00C04F79EFBC}") = "Tournaments.Services", "Tournaments.Services\Tournaments.Services.csproj", "{D88AC5B9-C04A-4FC9-A492-F334D3AE2F46}"
EndProject
Project("{FAE04EC0-301F-11D3-BF4B-00C04F79EFBC}") = "Service.Contracts", "Service.Contracts\Service.Contracts.csproj", "{707B0649-AE03-4B2E-ABCE-71E9F615555E}"
EndProject
Project("{FAE04EC0-301F-11D3-BF4B-00C04F79EFBC}") = "Tournaments.Presentation", "Tournaments.Presentation\Tournaments.Presentation.csproj", "{85B58126-9849-4CF2-9008-05CA8E80D9C4}"
EndProject
Project("{FAE04EC0-301F-11D3-BF4B-00C04F79EFBC}") = "Tournament.Client", "Tournament.Client\Tournament.Client.csproj", "{DEF2E1F4-C2C2-42CA-906C-5DF8C72B11CF}"
EndProject
Project("{FAE04EC0-301F-11D3-BF4B-00C04F79EFBC}") = "Tournament.Shared", "Tournament.Shared\Tournament.Shared.csproj", "{0D37E8C3-C396-4D39-9893-71BFFF4B229F}"
EndProject
Global
	GlobalSection(SolutionConfigurationPlatforms) = preSolution
		Debug|Any CPU = Debug|Any CPU
		Release|Any CPU = Release|Any CPU
	EndGlobalSection
	GlobalSection(ProjectConfigurationPlatforms) = postSolution
		{DB866F9B-344B-439A-8D1B-54F315A0B790}.Debug|Any CPU.ActiveCfg = Debug|Any CPU
		{DB866F9B-344B-439A-8D1B-54F315A0B790}.Debug|Any CPU.Build.0 = Debug|Any CPU
		{DB866F9B-344B-439A-8D1B-54F315A0B790}.Release|Any CPU.ActiveCfg = Release|Any CPU
		{DB866F9B-344B-439A-8D1B-54F315A0B790}.Release|Any CPU.Build.0 = Release|Any CPU
		{E0B5BD4F-B55A-40EA-BECA-B23AA94B92F2}.Debug|Any CPU.ActiveCfg = Debug|Any CPU
		{E0B5BD4F-B55A-40EA-BECA-B23AA94B92F2}.Debug|Any CPU.Build.0 = Debug|Any CPU
		{E0B5BD4F-B55A-40EA-BECA-B23AA94B92F2}.Release|Any CPU.ActiveCfg = Release|Any CPU
		{E0B5BD4F-B55A-40EA-BECA-B23AA94B92F2}.Release|Any CPU.Build.0 = Release|Any CPU
		{BD436F02-908F-4DCB-AA0D-4E9C40A96A0E}.Debug|Any CPU.ActiveCfg = Debug|Any CPU
		{BD436F02-908F-4DCB-AA0D-4E9C40A96A0E}.Debug|Any CPU.Build.0 = Debug|Any CPU
		{BD436F02-908F-4DCB-AA0D-4E9C40A96A0E}.Release|Any CPU.ActiveCfg = Release|Any CPU
		{BD436F02-908F-4DCB-AA0D-4E9C40A96A0E}.Release|Any CPU.Build.0 = Release|Any CPU
		{619F0D7A-C60B-4733-81CD-E8BDECC2AE69}.Debug|Any CPU.ActiveCfg = Debug|Any CPU
		{619F0D7A-C60B-4733-81CD-E8BDECC2AE69}.Debug|Any CPU.Build.0 = Debug|Any CPU
		{619F0D7A-C60B-4733-81CD-E8BDECC2AE69}.Release|Any CPU.ActiveCfg = Release|Any CPU
		{619F0D7A-C60B-4733-81CD-E8BDECC2AE69}.Release|Any CPU.Build.0 = Release|Any CPU
		{D88AC5B9-C04A-4FC9-A492-F334D3AE2F46}.Debug|Any CPU.ActiveCfg = Debug|Any CPU
		{D88AC5B9-C04A-4FC9-A492-F334D3AE2F46}.Debug|Any CPU.Build.0 = Debug|Any CPU
		{D88AC5B9-C04A-4FC9-A492-F334D3AE2F46}.Release|Any CPU.ActiveCfg = Release|Any CPU
		{D88AC5B9-C04A-4FC9-A492-F334D3AE2F46}.Release|Any CPU.Build.0 = Release|Any CPU
		{707B0649-AE03-4B2E-ABCE-71E9F615555E}.Debug|Any CPU.ActiveCfg = Debug|Any CPU
		{707B0649-AE03-4B2E-ABCE-71E9F615555E}.Debug|Any CPU.Build.0 = Debug|Any CPU
		{707B0649-AE03-4B2E-ABCE-71E9F615555E}.Release|Any CPU.ActiveCfg = Release|Any CPU
		{707B0649-AE03-4B2E-ABCE-71E9F615555E}.Release|Any CPU.Build.0 = Release|Any CPU
		{85B58126-9849-4CF2-9008-05CA8E80D9C4}.Debug|Any CPU.ActiveCfg = Debug|Any CPU
		{85B58126-9849-4CF2-9008-05CA8E80D9C4}.Debug|Any CPU.Build.0 = Debug|Any CPU
		{85B58126-9849-4CF2-9008-05CA8E80D9C4}.Release|Any CPU.ActiveCfg = Release|Any CPU
		{85B58126-9849-4CF2-9008-05CA8E80D9C4}.Release|Any CPU.Build.0 = Release|Any CPU
		{DEF2E1F4-C2C2-42CA-906C-5DF8C72B11CF}.Debug|Any CPU.ActiveCfg = Debug|Any CPU
		{DEF2E1F4-C2C2-42CA-906C-5DF8C72B11CF}.Debug|Any CPU.Build.0 = Debug|Any CPU
		{DEF2E1F4-C2C2-42CA-906C-5DF8C72B11CF}.Release|Any CPU.ActiveCfg = Release|Any CPU
		{DEF2E1F4-C2C2-42CA-906C-5DF8C72B11CF}.Release|Any CPU.Build.0 = Release|Any CPU
		{0D37E8C3-C396-4D39-9893-71BFFF4B229F}.Debug|Any CPU.ActiveCfg = Debug|Any CPU
		{0D37E8C3-C396-4D39-9893-71BFFF4B229F}.Debug|Any CPU.Build.0 = Debug|Any CPU
		{0D37E8C3-C396-4D39-9893-71BFFF4B229F}.Release|Any CPU.ActiveCfg = Release|Any CPU
		{0D37E8C3-C396-4D39-9893-71BFFF4B229F}.Release|Any CPU.Build.0 = Release|Any CPU
	EndGlobalSection
	GlobalSection(SolutionProperties) = preSolution
		HideSolutionNode = FALSE
	EndGlobalSection
	GlobalSection(ExtensibilityGlobals) = postSolution
		SolutionGuid = {F4AFEF74-AAE0-4EFB-8E92-E5BDE9BD6134}
	EndGlobalSection
EndGlobal
